// !$*UTF8*$!
{
	archiveVersion = 1;
	classes = {
	};
	objectVersion = 46;
	objects = {

/* Begin PBXBuildFile section */
		4D24C0E819141B9900F4B11A /* MapAnnotation.m in Sources */ = {isa = PBXBuildFile; fileRef = 4D24C0E719141B9900F4B11A /* MapAnnotation.m */; };
		4DBB1C4A1905726C00CBD2AB /* Foundation.framework in Frameworks */ = {isa = PBXBuildFile; fileRef = 4DBB1C491905726C00CBD2AB /* Foundation.framework */; };
		4DBB1C4C1905726C00CBD2AB /* CoreGraphics.framework in Frameworks */ = {isa = PBXBuildFile; fileRef = 4DBB1C4B1905726C00CBD2AB /* CoreGraphics.framework */; };
		4DBB1C4E1905726C00CBD2AB /* UIKit.framework in Frameworks */ = {isa = PBXBuildFile; fileRef = 4DBB1C4D1905726C00CBD2AB /* UIKit.framework */; };
		4DBB1C541905726C00CBD2AB /* InfoPlist.strings in Resources */ = {isa = PBXBuildFile; fileRef = 4DBB1C521905726C00CBD2AB /* InfoPlist.strings */; };
		4DBB1C561905726C00CBD2AB /* main.m in Sources */ = {isa = PBXBuildFile; fileRef = 4DBB1C551905726C00CBD2AB /* main.m */; };
		4DBB1C5A1905726C00CBD2AB /* AppDelegate.m in Sources */ = {isa = PBXBuildFile; fileRef = 4DBB1C591905726C00CBD2AB /* AppDelegate.m */; };
		4DBB1C5D1905726C00CBD2AB /* Main_iPhone.storyboard in Resources */ = {isa = PBXBuildFile; fileRef = 4DBB1C5B1905726C00CBD2AB /* Main_iPhone.storyboard */; };
		4DBB1C631905726C00CBD2AB /* ViewController.m in Sources */ = {isa = PBXBuildFile; fileRef = 4DBB1C621905726C00CBD2AB /* ViewController.m */; };
		4DBB1C651905726C00CBD2AB /* Images.xcassets in Resources */ = {isa = PBXBuildFile; fileRef = 4DBB1C641905726C00CBD2AB /* Images.xcassets */; };
		4DBB1C6C1905726C00CBD2AB /* XCTest.framework in Frameworks */ = {isa = PBXBuildFile; fileRef = 4DBB1C6B1905726C00CBD2AB /* XCTest.framework */; };
		4DBB1C6D1905726C00CBD2AB /* Foundation.framework in Frameworks */ = {isa = PBXBuildFile; fileRef = 4DBB1C491905726C00CBD2AB /* Foundation.framework */; };
		4DBB1C6E1905726C00CBD2AB /* UIKit.framework in Frameworks */ = {isa = PBXBuildFile; fileRef = 4DBB1C4D1905726C00CBD2AB /* UIKit.framework */; };
		4DBB1C761905726C00CBD2AB /* InfoPlist.strings in Resources */ = {isa = PBXBuildFile; fileRef = 4DBB1C741905726C00CBD2AB /* InfoPlist.strings */; };
		4DBB1C781905726C00CBD2AB /* FishingSitesTests.m in Sources */ = {isa = PBXBuildFile; fileRef = 4DBB1C771905726C00CBD2AB /* FishingSitesTests.m */; };
		4DBB1C821905732900CBD2AB /* MapKit.framework in Frameworks */ = {isa = PBXBuildFile; fileRef = 4DBB1C811905732900CBD2AB /* MapKit.framework */; };
/* End PBXBuildFile section */

/* Begin PBXContainerItemProxy section */
		4DBB1C6F1905726C00CBD2AB /* PBXContainerItemProxy */ = {
			isa = PBXContainerItemProxy;
			containerPortal = 4DBB1C3E1905726C00CBD2AB /* Project object */;
			proxyType = 1;
			remoteGlobalIDString = 4DBB1C451905726C00CBD2AB;
			remoteInfo = FishingSites;
		};
/* End PBXContainerItemProxy section */

/* Begin PBXFileReference section */
		4D24C0E619141B9900F4B11A /* MapAnnotation.h */ = {isa = PBXFileReference; fileEncoding = 4; lastKnownFileType = sourcecode.c.h; path = MapAnnotation.h; sourceTree = "<group>"; };
		4D24C0E719141B9900F4B11A /* MapAnnotation.m */ = {isa = PBXFileReference; fileEncoding = 4; lastKnownFileType = sourcecode.c.objc; path = MapAnnotation.m; sourceTree = "<group>"; };
		4DBB1C461905726C00CBD2AB /* FishingSites.app */ = {isa = PBXFileReference; explicitFileType = wrapper.application; includeInIndex = 0; path = FishingSites.app; sourceTree = BUILT_PRODUCTS_DIR; };
		4DBB1C491905726C00CBD2AB /* Foundation.framework */ = {isa = PBXFileReference; lastKnownFileType = wrapper.framework; name = Foundation.framework; path = System/Library/Frameworks/Foundation.framework; sourceTree = SDKROOT; };
		4DBB1C4B1905726C00CBD2AB /* CoreGraphics.framework */ = {isa = PBXFileReference; lastKnownFileType = wrapper.framework; name = CoreGraphics.framework; path = System/Library/Frameworks/CoreGraphics.framework; sourceTree = SDKROOT; };
		4DBB1C4D1905726C00CBD2AB /* UIKit.framework */ = {isa = PBXFileReference; lastKnownFileType = wrapper.framework; name = UIKit.framework; path = System/Library/Frameworks/UIKit.framework; sourceTree = SDKROOT; };
		4DBB1C511905726C00CBD2AB /* FishingSites-Info.plist */ = {isa = PBXFileReference; lastKnownFileType = text.plist.xml; path = "FishingSites-Info.plist"; sourceTree = "<group>"; };
		4DBB1C531905726C00CBD2AB /* en */ = {isa = PBXFileReference; lastKnownFileType = text.plist.strings; name = en; path = en.lproj/InfoPlist.strings; sourceTree = "<group>"; };
		4DBB1C551905726C00CBD2AB /* main.m */ = {isa = PBXFileReference; lastKnownFileType = sourcecode.c.objc; path = main.m; sourceTree = "<group>"; };
		4DBB1C571905726C00CBD2AB /* FishingSites-Prefix.pch */ = {isa = PBXFileReference; lastKnownFileType = sourcecode.c.h; path = "FishingSites-Prefix.pch"; sourceTree = "<group>"; };
		4DBB1C581905726C00CBD2AB /* AppDelegate.h */ = {isa = PBXFileReference; lastKnownFileType = sourcecode.c.h; path = AppDelegate.h; sourceTree = "<group>"; };
		4DBB1C591905726C00CBD2AB /* AppDelegate.m */ = {isa = PBXFileReference; lastKnownFileType = sourcecode.c.objc; path = AppDelegate.m; sourceTree = "<group>"; };
		4DBB1C5C1905726C00CBD2AB /* Base */ = {isa = PBXFileReference; lastKnownFileType = file.storyboard; name = Base; path = Base.lproj/Main_iPhone.storyboard; sourceTree = "<group>"; };
		4DBB1C611905726C00CBD2AB /* ViewController.h */ = {isa = PBXFileReference; lastKnownFileType = sourcecode.c.h; path = ViewController.h; sourceTree = "<group>"; };
		4DBB1C621905726C00CBD2AB /* ViewController.m */ = {isa = PBXFileReference; lastKnownFileType = sourcecode.c.objc; path = ViewController.m; sourceTree = "<group>"; };
		4DBB1C641905726C00CBD2AB /* Images.xcassets */ = {isa = PBXFileReference; lastKnownFileType = folder.assetcatalog; path = Images.xcassets; sourceTree = "<group>"; };
		4DBB1C6A1905726C00CBD2AB /* FishingSitesTests.xctest */ = {isa = PBXFileReference; explicitFileType = wrapper.cfbundle; includeInIndex = 0; path = FishingSitesTests.xctest; sourceTree = BUILT_PRODUCTS_DIR; };
		4DBB1C6B1905726C00CBD2AB /* XCTest.framework */ = {isa = PBXFileReference; lastKnownFileType = wrapper.framework; name = XCTest.framework; path = Library/Frameworks/XCTest.framework; sourceTree = DEVELOPER_DIR; };
		4DBB1C731905726C00CBD2AB /* FishingSitesTests-Info.plist */ = {isa = PBXFileReference; lastKnownFileType = text.plist.xml; path = "FishingSitesTests-Info.plist"; sourceTree = "<group>"; };
		4DBB1C751905726C00CBD2AB /* en */ = {isa = PBXFileReference; lastKnownFileType = text.plist.strings; name = en; path = en.lproj/InfoPlist.strings; sourceTree = "<group>"; };
		4DBB1C771905726C00CBD2AB /* FishingSitesTests.m */ = {isa = PBXFileReference; lastKnownFileType = sourcecode.c.objc; path = FishingSitesTests.m; sourceTree = "<group>"; };
		4DBB1C811905732900CBD2AB /* MapKit.framework */ = {isa = PBXFileReference; lastKnownFileType = wrapper.framework; name = MapKit.framework; path = System/Library/Frameworks/MapKit.framework; sourceTree = SDKROOT; };
/* End PBXFileReference section */

/* Begin PBXFrameworksBuildPhase section */
		4DBB1C431905726C00CBD2AB /* Frameworks */ = {
			isa = PBXFrameworksBuildPhase;
			buildActionMask = 2147483647;
			files = (
				4DBB1C821905732900CBD2AB /* MapKit.framework in Frameworks */,
				4DBB1C4C1905726C00CBD2AB /* CoreGraphics.framework in Frameworks */,
				4DBB1C4E1905726C00CBD2AB /* UIKit.framework in Frameworks */,
				4DBB1C4A1905726C00CBD2AB /* Foundation.framework in Frameworks */,
			);
			runOnlyForDeploymentPostprocessing = 0;
		};
		4DBB1C671905726C00CBD2AB /* Frameworks */ = {
			isa = PBXFrameworksBuildPhase;
			buildActionMask = 2147483647;
			files = (
				4DBB1C6C1905726C00CBD2AB /* XCTest.framework in Frameworks */,
				4DBB1C6E1905726C00CBD2AB /* UIKit.framework in Frameworks */,
				4DBB1C6D1905726C00CBD2AB /* Foundation.framework in Frameworks */,
			);
			runOnlyForDeploymentPostprocessing = 0;
		};
/* End PBXFrameworksBuildPhase section */

/* Begin PBXGroup section */
		4D24C0E519141B7200F4B11A /* class */ = {
			isa = PBXGroup;
			children = (
				4D24C0E619141B9900F4B11A /* MapAnnotation.h */,
				4D24C0E719141B9900F4B11A /* MapAnnotation.m */,
			);
			name = class;
			sourceTree = "<group>";
		};
		4DBB1C3D1905726C00CBD2AB = {
			isa = PBXGroup;
			children = (
				4DBB1C4F1905726C00CBD2AB /* FishingSites */,
				4DBB1C711905726C00CBD2AB /* FishingSitesTests */,
				4DBB1C481905726C00CBD2AB /* Frameworks */,
				4DBB1C471905726C00CBD2AB /* Products */,
			);
			sourceTree = "<group>";
		};
		4DBB1C471905726C00CBD2AB /* Products */ = {
			isa = PBXGroup;
			children = (
				4DBB1C461905726C00CBD2AB /* FishingSites.app */,
				4DBB1C6A1905726C00CBD2AB /* FishingSitesTests.xctest */,
			);
			name = Products;
			sourceTree = "<group>";
		};
		4DBB1C481905726C00CBD2AB /* Frameworks */ = {
			isa = PBXGroup;
			children = (
				4DBB1C811905732900CBD2AB /* MapKit.framework */,
				4DBB1C491905726C00CBD2AB /* Foundation.framework */,
				4DBB1C4B1905726C00CBD2AB /* CoreGraphics.framework */,
				4DBB1C4D1905726C00CBD2AB /* UIKit.framework */,
				4DBB1C6B1905726C00CBD2AB /* XCTest.framework */,
			);
			name = Frameworks;
			sourceTree = "<group>";
		};
		4DBB1C4F1905726C00CBD2AB /* FishingSites */ = {
			isa = PBXGroup;
			children = (
				4D24C0E519141B7200F4B11A /* class */,
				4DBB1C581905726C00CBD2AB /* AppDelegate.h */,
				4DBB1C591905726C00CBD2AB /* AppDelegate.m */,
				4DBB1C5B1905726C00CBD2AB /* Main_iPhone.storyboard */,
				4DBB1C611905726C00CBD2AB /* ViewController.h */,
				4DBB1C621905726C00CBD2AB /* ViewController.m */,
				4DBB1C641905726C00CBD2AB /* Images.xcassets */,
				4DBB1C501905726C00CBD2AB /* Supporting Files */,
			);
			path = FishingSites;
			sourceTree = "<group>";
		};
		4DBB1C501905726C00CBD2AB /* Supporting Files */ = {
			isa = PBXGroup;
			children = (
				4DBB1C511905726C00CBD2AB /* FishingSites-Info.plist */,
				4DBB1C521905726C00CBD2AB /* InfoPlist.strings */,
				4DBB1C551905726C00CBD2AB /* main.m */,
				4DBB1C571905726C00CBD2AB /* FishingSites-Prefix.pch */,
			);
			name = "Supporting Files";
			sourceTree = "<group>";
		};
		4DBB1C711905726C00CBD2AB /* FishingSitesTests */ = {
			isa = PBXGroup;
			children = (
				4DBB1C771905726C00CBD2AB /* FishingSitesTests.m */,
				4DBB1C721905726C00CBD2AB /* Supporting Files */,
			);
			path = FishingSitesTests;
			sourceTree = "<group>";
		};
		4DBB1C721905726C00CBD2AB /* Supporting Files */ = {
			isa = PBXGroup;
			children = (
				4DBB1C731905726C00CBD2AB /* FishingSitesTests-Info.plist */,
				4DBB1C741905726C00CBD2AB /* InfoPlist.strings */,
			);
			name = "Supporting Files";
			sourceTree = "<group>";
		};
/* End PBXGroup section */

/* Begin PBXNativeTarget section */
		4DBB1C451905726C00CBD2AB /* FishingSites */ = {
			isa = PBXNativeTarget;
			buildConfigurationList = 4DBB1C7B1905726C00CBD2AB /* Build configuration list for PBXNativeTarget "FishingSites" */;
			buildPhases = (
				4DBB1C421905726C00CBD2AB /* Sources */,
				4DBB1C431905726C00CBD2AB /* Frameworks */,
				4DBB1C441905726C00CBD2AB /* Resources */,
			);
			buildRules = (
			);
			dependencies = (
			);
			name = FishingSites;
			productName = FishingSites;
			productReference = 4DBB1C461905726C00CBD2AB /* FishingSites.app */;
			productType = "com.apple.product-type.application";
		};
		4DBB1C691905726C00CBD2AB /* FishingSitesTests */ = {
			isa = PBXNativeTarget;
			buildConfigurationList = 4DBB1C7E1905726C00CBD2AB /* Build configuration list for PBXNativeTarget "FishingSitesTests" */;
			buildPhases = (
				4DBB1C661905726C00CBD2AB /* Sources */,
				4DBB1C671905726C00CBD2AB /* Frameworks */,
				4DBB1C681905726C00CBD2AB /* Resources */,
			);
			buildRules = (
			);
			dependencies = (
				4DBB1C701905726C00CBD2AB /* PBXTargetDependency */,
			);
			name = FishingSitesTests;
			productName = FishingSitesTests;
			productReference = 4DBB1C6A1905726C00CBD2AB /* FishingSitesTests.xctest */;
			productType = "com.apple.product-type.bundle.unit-test";
		};
/* End PBXNativeTarget section */

/* Begin PBXProject section */
		4DBB1C3E1905726C00CBD2AB /* Project object */ = {
			isa = PBXProject;
			attributes = {
				LastUpgradeCheck = 0510;
				ORGANIZATIONNAME = "___QuorraLTD___";
				TargetAttributes = {
					4DBB1C691905726C00CBD2AB = {
						TestTargetID = 4DBB1C451905726C00CBD2AB;
					};
				};
			};
			buildConfigurationList = 4DBB1C411905726C00CBD2AB /* Build configuration list for PBXProject "FishingSites" */;
			compatibilityVersion = "Xcode 3.2";
			developmentRegion = English;
			hasScannedForEncodings = 0;
			knownRegions = (
				en,
				Base,
			);
			mainGroup = 4DBB1C3D1905726C00CBD2AB;
			productRefGroup = 4DBB1C471905726C00CBD2AB /* Products */;
			projectDirPath = "";
			projectRoot = "";
			targets = (
				4DBB1C451905726C00CBD2AB /* FishingSites */,
				4DBB1C691905726C00CBD2AB /* FishingSitesTests */,
			);
		};
/* End PBXProject section */

/* Begin PBXResourcesBuildPhase section */
		4DBB1C441905726C00CBD2AB /* Resources */ = {
			isa = PBXResourcesBuildPhase;
			buildActionMask = 2147483647;
			files = (
				4DBB1C651905726C00CBD2AB /* Images.xcassets in Resources */,
				4DBB1C5D1905726C00CBD2AB /* Main_iPhone.storyboard in Resources */,
				4DBB1C541905726C00CBD2AB /* InfoPlist.strings in Resources */,
			);
			runOnlyForDeploymentPostprocessing = 0;
		};
		4DBB1C681905726C00CBD2AB /* Resources */ = {
			isa = PBXResourcesBuildPhase;
			buildActionMask = 2147483647;
			files = (
				4DBB1C761905726C00CBD2AB /* InfoPlist.strings in Resources */,
			);
			runOnlyForDeploymentPostprocessing = 0;
		};
/* End PBXResourcesBuildPhase section */

/* Begin PBXSourcesBuildPhase section */
		4DBB1C421905726C00CBD2AB /* Sources */ = {
			isa = PBXSourcesBuildPhase;
			buildActionMask = 2147483647;
			files = (
				4DBB1C631905726C00CBD2AB /* ViewController.m in Sources */,
				4DBB1C5A1905726C00CBD2AB /* AppDelegate.m in Sources */,
				4DBB1C561905726C00CBD2AB /* main.m in Sources */,
				4D24C0E819141B9900F4B11A /* MapAnnotation.m in Sources */,
			);
			runOnlyForDeploymentPostprocessing = 0;
		};
		4DBB1C661905726C00CBD2AB /* Sources */ = {
			isa = PBXSourcesBuildPhase;
			buildActionMask = 2147483647;
			files = (
				4DBB1C781905726C00CBD2AB /* FishingSitesTests.m in Sources */,
			);
			runOnlyForDeploymentPostprocessing = 0;
		};
/* End PBXSourcesBuildPhase section */

/* Begin PBXTargetDependency section */
		4DBB1C701905726C00CBD2AB /* PBXTargetDependency */ = {
			isa = PBXTargetDependency;
			target = 4DBB1C451905726C00CBD2AB /* FishingSites */;
			targetProxy = 4DBB1C6F1905726C00CBD2AB /* PBXContainerItemProxy */;
		};
/* End PBXTargetDependency section */

/* Begin PBXVariantGroup section */
		4DBB1C521905726C00CBD2AB /* InfoPlist.strings */ = {
			isa = PBXVariantGroup;
			children = (
				4DBB1C531905726C00CBD2AB /* en */,
			);
			name = InfoPlist.strings;
			sourceTree = "<group>";
		};
		4DBB1C5B1905726C00CBD2AB /* Main_iPhone.storyboard */ = {
			isa = PBXVariantGroup;
			children = (
				4DBB1C5C1905726C00CBD2AB /* Base */,
			);
			name = Main_iPhone.storyboard;
			sourceTree = "<group>";
		};
		4DBB1C741905726C00CBD2AB /* InfoPlist.strings */ = {
			isa = PBXVariantGroup;
			children = (
				4DBB1C751905726C00CBD2AB /* en */,
			);
			name = InfoPlist.strings;
			sourceTree = "<group>";
		};
/* End PBXVariantGroup section */

/* Begin XCBuildConfiguration section */
		4DBB1C791905726C00CBD2AB /* Debug */ = {
			isa = XCBuildConfiguration;
			buildSettings = {
				ALWAYS_SEARCH_USER_PATHS = NO;
				CLANG_CXX_LANGUAGE_STANDARD = "gnu++0x";
				CLANG_CXX_LIBRARY = "libc++";
				CLANG_ENABLE_MODULES = YES;
				CLANG_ENABLE_OBJC_ARC = YES;
				CLANG_WARN_BOOL_CONVERSION = YES;
				CLANG_WARN_CONSTANT_CONVERSION = YES;
				CLANG_WARN_DIRECT_OBJC_ISA_USAGE = YES_ERROR;
				CLANG_WARN_EMPTY_BODY = YES;
				CLANG_WARN_ENUM_CONVERSION = YES;
				CLANG_WARN_INT_CONVERSION = YES;
				CLANG_WARN_OBJC_ROOT_CLASS = YES_ERROR;
				CLANG_WARN__DUPLICATE_METHOD_MATCH = YES;
				"CODE_SIGN_IDENTITY[sdk=iphoneos*]" = "iPhone Developer";
				COPY_PHASE_STRIP = NO;
				GCC_C_LANGUAGE_STANDARD = gnu99;
				GCC_DYNAMIC_NO_PIC = NO;
				GCC_OPTIMIZATION_LEVEL = 0;
				GCC_PREPROCESSOR_DEFINITIONS = (
					"DEBUG=1",
					"$(inherited)",
				);
				GCC_SYMBOLS_PRIVATE_EXTERN = NO;
				GCC_WARN_64_TO_32_BIT_CONVERSION = YES;
				GCC_WARN_ABOUT_RETURN_TYPE = YES_ERROR;
				GCC_WARN_UNDECLARED_SELECTOR = YES;
				GCC_WARN_UNINITIALIZED_AUTOS = YES_AGGRESSIVE;
				GCC_WARN_UNUSED_FUNCTION = YES;
				GCC_WARN_UNUSED_VARIABLE = YES;
				IPHONEOS_DEPLOYMENT_TARGET = 7.1;
				ONLY_ACTIVE_ARCH = YES;
				SDKROOT = iphoneos;
				TARGETED_DEVICE_FAMILY = "1,2";
			};
			name = Debug;
		};
		4DBB1C7A1905726C00CBD2AB /* Release */ = {
			isa = XCBuildConfiguration;
			buildSettings = {
				ALWAYS_SEARCH_USER_PATHS = NO;
				CLANG_CXX_LANGUAGE_STANDARD = "gnu++0x";
				CLANG_CXX_LIBRARY = "libc++";
				CLANG_ENABLE_MODULES = YES;
				CLANG_ENABLE_OBJC_ARC = YES;
				CLANG_WARN_BOOL_CONVERSION = YES;
				CLANG_WARN_CONSTANT_CONVERSION = YES;
				CLANG_WARN_DIRECT_OBJC_ISA_USAGE = YES_ERROR;
				CLANG_WARN_EMPTY_BODY = YES;
				CLANG_WARN_ENUM_CONVERSION = YES;
				CLANG_WARN_INT_CONVERSION = YES;
				CLANG_WARN_OBJC_ROOT_CLASS = YES_ERROR;
				CLANG_WARN__DUPLICATE_METHOD_MATCH = YES;
				"CODE_SIGN_IDENTITY[sdk=iphoneos*]" = "iPhone Developer";
				COPY_PHASE_STRIP = YES;
				ENABLE_NS_ASSERTIONS = NO;
				GCC_C_LANGUAGE_STANDARD = gnu99;
				GCC_WARN_64_TO_32_BIT_CONVERSION = YES;
				GCC_WARN_ABOUT_RETURN_TYPE = YES_ERROR;
				GCC_WARN_UNDECLARED_SELECTOR = YES;
				GCC_WARN_UNINITIALIZED_AUTOS = YES_AGGRESSIVE;
				GCC_WARN_UNUSED_FUNCTION = YES;
				GCC_WARN_UNUSED_VARIABLE = YES;
				IPHONEOS_DEPLOYMENT_TARGET = 7.1;
				SDKROOT = iphoneos;
				TARGETED_DEVICE_FAMILY = "1,2";
				VALIDATE_PRODUCT = YES;
			};
			name = Release;
		};
		4DBB1C7C1905726C00CBD2AB /* Debug */ = {
			isa = XCBuildConfiguration;
			buildSettings = {
				ASSETCATALOG_COMPILER_APPICON_NAME = AppIcon;
				ASSETCATALOG_COMPILER_LAUNCHIMAGE_NAME = LaunchImage;
				GCC_PRECOMPILE_PREFIX_HEADER = YES;
				GCC_PREFIX_HEADER = "FishingSites/FishingSites-Prefix.pch";
				INFOPLIST_FILE = "FishingSites/FishingSites-Info.plist";
				PRODUCT_NAME = "$(TARGET_NAME)";
				WRAPPER_EXTENSION = app;
			};
			name = Debug;
		};
		4DBB1C7D1905726C00CBD2AB /* Release */ = {
			isa = XCBuildConfiguration;
			buildSettings = {
				ASSETCATALOG_COMPILER_APPICON_NAME = AppIcon;
				ASSETCATALOG_COMPILER_LAUNCHIMAGE_NAME = LaunchImage;
				GCC_PRECOMPILE_PREFIX_HEADER = YES;
				GCC_PREFIX_HEADER = "FishingSites/FishingSites-Prefix.pch";
				INFOPLIST_FILE = "FishingSites/FishingSites-Info.plist";
				PRODUCT_NAME = "$(TARGET_NAME)";
				WRAPPER_EXTENSION = app;
			};
			name = Release;
		};
		4DBB1C7F1905726C00CBD2AB /* Debug */ = {
			isa = XCBuildConfiguration;
			buildSettings = {
				BUNDLE_LOADER = "$(BUILT_PRODUCTS_DIR)/FishingSites.app/FishingSites";
				FRAMEWORK_SEARCH_PATHS = (
					"$(SDKROOT)/Developer/Library/Frameworks",
					"$(inherited)",
					"$(DEVELOPER_FRAMEWORKS_DIR)",
				);
				GCC_PRECOMPILE_PREFIX_HEADER = YES;
				GCC_PREFIX_HEADER = "FishingSites/FishingSites-Prefix.pch";
				GCC_PREPROCESSOR_DEFINITIONS = (
					"DEBUG=1",
					"$(inherited)",
				);
				INFOPLIST_FILE = "FishingSitesTests/FishingSitesTests-Info.plist";
				PRODUCT_NAME = "$(TARGET_NAME)";
				TEST_HOST = "$(BUNDLE_LOADER)";
				WRAPPER_EXTENSION = xctest;
			};
			name = Debug;
		};
		4DBB1C801905726C00CBD2AB /* Release */ = {
			isa = XCBuildConfiguration;
			buildSettings = {
				BUNDLE_LOADER = "$(BUILT_PRODUCTS_DIR)/FishingSites.app/FishingSites";
				FRAMEWORK_SEARCH_PATHS = (
					"$(SDKROOT)/Developer/Library/Frameworks",
					"$(inherited)",
					"$(DEVELOPER_FRAMEWORKS_DIR)",
				);
				GCC_PRECOMPILE_PREFIX_HEADER = YES;
				GCC_PREFIX_HEADER = "FishingSites/FishingSites-Prefix.pch";
				INFOPLIST_FILE = "FishingSitesTests/FishingSitesTests-Info.plist";
				PRODUCT_NAME = "$(TARGET_NAME)";
				TEST_HOST = "$(BUNDLE_LOADER)";
				WRAPPER_EXTENSION = xctest;
			};
			name = Release;
		};
/* End XCBuildConfiguration section */

/* Begin XCConfigurationList section */
		4DBB1C411905726C00CBD2AB /* Build configuration list for PBXProject "FishingSites" */ = {
			isa = XCConfigurationList;
			buildConfigurations = (
				4DBB1C791905726C00CBD2AB /* Debug */,
				4DBB1C7A1905726C00CBD2AB /* Release */,
			);
			defaultConfigurationIsVisible = 0;
			defaultConfigurationName = Release;
		};
		4DBB1C7B1905726C00CBD2AB /* Build configuration list for PBXNativeTarget "FishingSites" */ = {
			isa = XCConfigurationList;
			buildConfigurations = (
				4DBB1C7C1905726C00CBD2AB /* Debug */,
				4DBB1C7D1905726C00CBD2AB /* Release */,
			);
			defaultConfigurationIsVisible = 0;
			defaultConfigurationName = Release;
		};
		4DBB1C7E1905726C00CBD2AB /* Build configuration list for PBXNativeTarget "FishingSitesTests" */ = {
			isa = XCConfigurationList;
			buildConfigurations = (
				4DBB1C7F1905726C00CBD2AB /* Debug */,
				4DBB1C801905726C00CBD2AB /* Release */,
			);
			defaultConfigurationIsVisible = 0;
			defaultConfigurationName = Release;
		};
/* End XCConfigurationList section */
	};
	rootObject = 4DBB1C3E1905726C00CBD2AB /* Project object */;
}
